
Microsoft Visual Studio Solution File, Format Version 11.00
# Visual Studio 2010
Project("{FAE04EC0-301F-11D3-BF4B-00C04F79EFBC}") = "RecordsCollectorWeb", "RecordsCollectorWeb\RecordsCollectorWeb.csproj", "{22F8D414-A776-44F5-95D0-BF1C574E8480}"
EndProject
Global
	GlobalSection(SolutionConfigurationPlatforms) = preSolution
		Debug|Any CPU = Debug|Any CPU
		Release|Any CPU = Release|Any CPU
	EndGlobalSection
	GlobalSection(ProjectConfigurationPlatforms) = postSolution
		{22F8D414-A776-44F5-95D0-BF1C574E8480}.Debug|Any CPU.ActiveCfg = Debug|Any CPU
		{22F8D414-A776-44F5-95D0-BF1C574E8480}.Debug|Any CPU.Build.0 = Debug|Any CPU
		{22F8D414-A776-44F5-95D0-BF1C574E8480}.Release|Any CPU.ActiveCfg = Release|Any CPU
		{22F8D414-A776-44F5-95D0-BF1C574E8480}.Release|Any CPU.Build.0 = Release|Any CPU
	EndGlobalSection
	GlobalSection(SolutionProperties) = preSolution
		HideSolutionNode = FALSE
	EndGlobalSection
EndGlobal
