
Microsoft Visual Studio Solution File, Format Version 11.00
# Visual Studio 2010
Project("{E24C65DC-7377-472B-9ABA-BC803B73C61A}") = "RecordsCollector", "..\..\WebSites\RecordsCollector\", "{FAB75CA0-8D84-4776-B2B0-C90B18C8ED10}"
	ProjectSection(WebsiteProperties) = preProject
		TargetFrameworkMoniker = ".NETFramework,Version%3Dv4.0"
		Debug.AspNetCompiler.VirtualPath = "/RecordsCollector"
		Debug.AspNetCompiler.PhysicalPath = "..\..\WebSites\RecordsCollector\"
		Debug.AspNetCompiler.TargetPath = "PrecompiledWeb\RecordsCollector\"
		Debug.AspNetCompiler.Updateable = "true"
		Debug.AspNetCompiler.ForceOverwrite = "true"
		Debug.AspNetCompiler.FixedNames = "false"
		Debug.AspNetCompiler.Debug = "True"
		Release.AspNetCompiler.VirtualPath = "/RecordsCollector"
		Release.AspNetCompiler.PhysicalPath = "..\..\WebSites\RecordsCollector\"
		Release.AspNetCompiler.TargetPath = "PrecompiledWeb\RecordsCollector\"
		Release.AspNetCompiler.Updateable = "true"
		Release.AspNetCompiler.ForceOverwrite = "true"
		Release.AspNetCompiler.FixedNames = "false"
		Release.AspNetCompiler.Debug = "False"
		VWDPort = "65177"
		DefaultWebSiteLanguage = "Visual C#"
	EndProjectSection
EndProject
Global
	GlobalSection(SolutionConfigurationPlatforms) = preSolution
		Debug|Any CPU = Debug|Any CPU
	EndGlobalSection
	GlobalSection(ProjectConfigurationPlatforms) = postSolution
		{FAB75CA0-8D84-4776-B2B0-C90B18C8ED10}.Debug|Any CPU.ActiveCfg = Debug|Any CPU
		{FAB75CA0-8D84-4776-B2B0-C90B18C8ED10}.Debug|Any CPU.Build.0 = Debug|Any CPU
	EndGlobalSection
	GlobalSection(SolutionProperties) = preSolution
		HideSolutionNode = FALSE
	EndGlobalSection
EndGlobal
